
Microsoft Visual Studio Solution File, Format Version 12.00
# Visual Studio Version 17
VisualStudioVersion = 17.13.35913.81 d17.13
MinimumVisualStudioVersion = 10.0.40219.1
Project("{FAE04EC0-301F-11D3-BF4B-00C04F79EFBC}") = "WindowsFormsApp4", "WindowsFormsApp4\WindowsFormsApp4.csproj", "{33F4634B-24C1-4BFA-BC60-7B552D20F32D}"
EndProject
Global
	GlobalSection(SolutionConfigurationPlatforms) = preSolution
		Debug|Any CPU = Debug|Any CPU
		Release|Any CPU = Release|Any CPU
	EndGlobalSection
	GlobalSection(ProjectConfigurationPlatforms) = postSolution
		{33F4634B-24C1-4BFA-BC60-7B552D20F32D}.Debug|Any CPU.ActiveCfg = Debug|Any CPU
		{33F4634B-24C1-4BFA-BC60-7B552D20F32D}.Debug|Any CPU.Build.0 = Debug|Any CPU
		{33F4634B-24C1-4BFA-BC60-7B552D20F32D}.Release|Any CPU.ActiveCfg = Release|Any CPU
		{33F4634B-24C1-4BFA-BC60-7B552D20F32D}.Release|Any CPU.Build.0 = Release|Any CPU
	EndGlobalSection
	GlobalSection(SolutionProperties) = preSolution
		HideSolutionNode = FALSE
	EndGlobalSection
	GlobalSection(ExtensibilityGlobals) = postSolution
		SolutionGuid = {BDD797CD-930C-40AF-AF5E-565CB1A45A1C}
	EndGlobalSection
EndGlobal
