
Microsoft Visual Studio Solution File, Format Version 12.00
# Visual Studio Version 17
VisualStudioVersion = 17.13.35913.81 d17.13
MinimumVisualStudioVersion = 10.0.40219.1
Project("{FAE04EC0-301F-11D3-BF4B-00C04F79EFBC}") = "WindowsFormsApp2", "WindowsFormsApp2\WindowsFormsApp2.csproj", "{4DD8A755-B39A-44FF-8501-15C92BC256E9}"
EndProject
Global
	GlobalSection(SolutionConfigurationPlatforms) = preSolution
		Debug|Any CPU = Debug|Any CPU
		Release|Any CPU = Release|Any CPU
	EndGlobalSection
	GlobalSection(ProjectConfigurationPlatforms) = postSolution
		{4DD8A755-B39A-44FF-8501-15C92BC256E9}.Debug|Any CPU.ActiveCfg = Debug|Any CPU
		{4DD8A755-B39A-44FF-8501-15C92BC256E9}.Debug|Any CPU.Build.0 = Debug|Any CPU
		{4DD8A755-B39A-44FF-8501-15C92BC256E9}.Release|Any CPU.ActiveCfg = Release|Any CPU
		{4DD8A755-B39A-44FF-8501-15C92BC256E9}.Release|Any CPU.Build.0 = Release|Any CPU
	EndGlobalSection
	GlobalSection(SolutionProperties) = preSolution
		HideSolutionNode = FALSE
	EndGlobalSection
	GlobalSection(ExtensibilityGlobals) = postSolution
		SolutionGuid = {0047F808-A45E-450F-B9A7-E0991AB162A2}
	EndGlobalSection
EndGlobal
